{
  "version": 4,
  "terraform_version": "1.6.2",
  "serial": 437,
  "lineage": "4d40f7ca-b024-c5af-6d78-960f7adef2c9",
  "outputs": {},
  "resources": [
    {
      "mode": "managed",
      "type": "snowflake_database",
      "name": "ops_database",
      "provider": "provider[\"registry.terraform.io/snowflake-labs/snowflake\"]",
      "instances": [
        {
          "schema_version": 0,
          "attributes": {
            "comment": "ops Database 1",
            "data_retention_time_in_days": 3,
            "from_database": null,
            "from_replica": null,
            "from_share": null,
            "id": "ops Database 1",
            "is_transient": false,
            "name": "ops Database 1",
            "replication_configuration": []
          },
          "sensitive_attributes": [],
          "private": "bnVsbA=="
        }
      ]
    },
    {
      "mode": "managed",
      "type": "snowflake_database",
      "name": "sale_database",
      "provider": "provider[\"registry.terraform.io/snowflake-labs/snowflake\"]",
      "instances": [
        {
          "schema_version": 0,
          "attributes": {
            "comment": "sale Database 1",
            "data_retention_time_in_days": 3,
            "from_database": null,
            "from_replica": null,
            "from_share": null,
            "id": "sale Database 1",
            "is_transient": false,
            "name": "sale Database 1",
            "replication_configuration": []
          },
          "sensitive_attributes": [],
          "private": "bnVsbA=="
        }
      ]
    },
    {
      "mode": "managed",
      "type": "snowflake_database_grant",
      "name": "grant",
      "provider": "provider[\"registry.terraform.io/snowflake-labs/snowflake\"]",
      "instances": [
        {
          "schema_version": 0,
          "attributes": {
            "database_name": "sale Database 1",
            "enable_multiple_grants": false,
            "id": "sale Database 1|USAGE|true|sales_role|",
            "privilege": "USAGE",
            "revert_ownership_to_role_name": null,
            "roles": [
              "sales_role"
            ],
            "shares": [],
            "with_grant_option": true
          },
          "sensitive_attributes": [],
          "private": "bnVsbA==",
          "dependencies": [
            "snowflake_database.sale_database",
            "snowflake_role.role1"
          ]
        }
      ]
    },
    {
      "mode": "managed",
      "type": "snowflake_database_grant",
      "name": "grant_public_role",
      "provider": "provider[\"registry.terraform.io/snowflake-labs/snowflake\"]",
      "instances": [
        {
          "schema_version": 0,
          "attributes": {
            "database_name": "ops Database 1",
            "enable_multiple_grants": false,
            "id": "ops Database 1|USAGE|false|PUBLIC|",
            "privilege": "USAGE",
            "revert_ownership_to_role_name": null,
            "roles": [
              "PUBLIC"
            ],
            "shares": null,
            "with_grant_option": false
          },
          "sensitive_attributes": [],
          "private": "bnVsbA==",
          "dependencies": [
            "snowflake_database.ops_database"
          ]
        }
      ]
    },
    {
      "mode": "managed",
      "type": "snowflake_role",
      "name": "role1",
      "provider": "provider[\"registry.terraform.io/snowflake-labs/snowflake\"]",
      "instances": [
        {
          "schema_version": 0,
          "attributes": {
            "comment": "A role to sale",
            "id": "sales_role",
            "name": "sales_role",
            "tag": []
          },
          "sensitive_attributes": [],
          "private": "bnVsbA=="
        }
      ]
    },
    {
      "mode": "managed",
      "type": "snowflake_role_grants",
      "name": "grants",
      "provider": "provider[\"registry.terraform.io/snowflake-labs/snowflake\"]",
      "instances": [
        {
          "schema_version": 0,
          "attributes": {
            "enable_multiple_grants": false,
            "id": "sales_role||sales_user",
            "role_name": "sales_role",
            "roles": [],
            "users": [
              "sales_user"
            ]
          },
          "sensitive_attributes": [
            [
              {
                "type": "get_attr",
                "value": "users"
              }
            ]
          ],
          "private": "bnVsbA==",
          "dependencies": [
            "snowflake_role.role1",
            "snowflake_user.sales_public_user"
          ]
        }
      ]
    },
    {
      "mode": "managed",
      "type": "snowflake_stage",
      "name": "ops_stage",
      "provider": "provider[\"registry.terraform.io/snowflake-labs/snowflake\"]",
      "instances": [
        {
          "schema_version": 0,
          "attributes": {
            "aws_external_id": "",
            "comment": "",
            "copy_options": "",
            "credentials": null,
            "database": "ops Database 1",
            "directory": "",
            "encryption": null,
            "file_format": "",
            "id": "ops Database 1|PUBLIC|MY_STAGE_OPS",
            "name": "MY_STAGE_OPS",
            "schema": "PUBLIC",
            "snowflake_iam_user": "",
            "storage_integration": "",
            "tag": [],
            "url": ""
          },
          "sensitive_attributes": [],
          "private": "bnVsbA==",
          "dependencies": [
            "snowflake_database.ops_database"
          ]
        }
      ]
    },
    {
      "mode": "managed",
      "type": "snowflake_stage",
      "name": "sale_stage",
      "provider": "provider[\"registry.terraform.io/snowflake-labs/snowflake\"]",
      "instances": [
        {
          "schema_version": 0,
          "attributes": {
            "aws_external_id": "",
            "comment": "",
            "copy_options": "",
            "credentials": null,
            "database": "sale Database 1",
            "directory": "",
            "encryption": null,
            "file_format": "",
            "id": "sale Database 1|PUBLIC|MY_STAGE_sale",
            "name": "MY_STAGE_sale",
            "schema": "PUBLIC",
            "snowflake_iam_user": "",
            "storage_integration": "",
            "tag": [],
            "url": ""
          },
          "sensitive_attributes": [],
          "private": "bnVsbA==",
          "dependencies": [
            "snowflake_database.sale_database"
          ]
        }
      ]
    },
    {
      "mode": "managed",
      "type": "snowflake_user",
      "name": "ops_public_user",
      "provider": "provider[\"registry.terraform.io/snowflake-labs/snowflake\"]",
      "instances": [
        {
          "schema_version": 0,
          "attributes": {
            "comment": "A user of snowflake default role for Public",
            "default_namespace": "",
            "default_role": "PUBLIC",
            "default_secondary_roles": [],
            "default_warehouse": "",
            "disabled": false,
            "display_name": "Snowflake ops User",
            "email": "",
            "first_name": "Ops User",
            "has_rsa_public_key": false,
            "id": "ops_user",
            "last_name": "",
            "login_name": "SNOWFLAKE_OPS_USER",
            "must_change_password": false,
            "name": "ops_user",
            "password": "Password@123",
            "rsa_public_key": null,
            "rsa_public_key_2": null
          },
          "sensitive_attributes": [],
          "private": "bnVsbA=="
        }
      ]
    },
    {
      "mode": "managed",
      "type": "snowflake_user",
      "name": "sales_public_user",
      "provider": "provider[\"registry.terraform.io/snowflake-labs/snowflake\"]",
      "instances": [
        {
          "schema_version": 0,
          "attributes": {
            "comment": "A user of snowflake default role for Public",
            "default_namespace": "",
            "default_role": "PUBLIC",
            "default_secondary_roles": [],
            "default_warehouse": "",
            "disabled": false,
            "display_name": "Snowflake sales User",
            "email": "",
            "first_name": "sales User",
            "has_rsa_public_key": false,
            "id": "sales_user",
            "last_name": "",
            "login_name": "SNOWFLAKE_SALES_USER",
            "must_change_password": false,
            "name": "sales_user",
            "password": "Password@123",
            "rsa_public_key": null,
            "rsa_public_key_2": null
          },
          "sensitive_attributes": [],
          "private": "bnVsbA=="
        }
      ]
    },
    {
      "mode": "managed",
      "type": "snowflake_user",
      "name": "sys_admin_user",
      "provider": "provider[\"registry.terraform.io/snowflake-labs/snowflake\"]",
      "instances": [
        {
          "schema_version": 0,
          "attributes": {
            "comment": "A user of snowflake default role sys admin",
            "default_namespace": "",
            "default_role": "SYSADMIN",
            "default_secondary_roles": [],
            "default_warehouse": "",
            "disabled": false,
            "display_name": "Snowflake SYSADMIN User",
            "email": "",
            "first_name": "Snowflake",
            "has_rsa_public_key": false,
            "id": "sadmin",
            "last_name": "sadmin",
            "login_name": "SNOWFLAKE_SADMIN",
            "must_change_password": false,
            "name": "sadmin",
            "password": "Password@123",
            "rsa_public_key": null,
            "rsa_public_key_2": null
          },
          "sensitive_attributes": [],
          "private": "bnVsbA=="
        }
      ]
    },
    {
      "mode": "managed",
      "type": "snowflake_user",
      "name": "useradmin_user",
      "provider": "provider[\"registry.terraform.io/snowflake-labs/snowflake\"]",
      "instances": [
        {
          "schema_version": 0,
          "attributes": {
            "comment": "A user of snowflake default role for User Admin",
            "default_namespace": "",
            "default_role": "USERADMIN",
            "default_secondary_roles": [],
            "default_warehouse": "",
            "disabled": false,
            "display_name": "Snowflake Admin User",
            "email": "",
            "first_name": "admin user",
            "has_rsa_public_key": false,
            "id": "auser",
            "last_name": "admnUser",
            "login_name": "SNOWFLAKE_AUSER",
            "must_change_password": false,
            "name": "auser",
            "password": "Password@123",
            "rsa_public_key": null,
            "rsa_public_key_2": null
          },
          "sensitive_attributes": [],
          "private": "bnVsbA=="
        }
      ]
    },
    {
      "mode": "managed",
      "type": "snowflake_warehouse",
      "name": "ops_warehouse",
      "provider": "provider[\"registry.terraform.io/snowflake-labs/snowflake\"]",
      "instances": [
        {
          "schema_version": 0,
          "attributes": {
            "auto_resume": true,
            "auto_suspend": 600,
            "comment": "ops_warehouse",
            "enable_query_acceleration": false,
            "id": "ops_warehouse",
            "initially_suspended": null,
            "max_cluster_count": 1,
            "max_concurrency_level": 8,
            "min_cluster_count": 1,
            "name": "ops_warehouse",
            "query_acceleration_max_scale_factor": 8,
            "resource_monitor": "null",
            "scaling_policy": "STANDARD",
            "statement_queued_timeout_in_seconds": 0,
            "statement_timeout_in_seconds": 172800,
            "wait_for_provisioning": null,
            "warehouse_size": "SMALL",
            "warehouse_type": "STANDARD"
          },
          "sensitive_attributes": [],
          "private": "bnVsbA=="
        }
      ]
    },
    {
      "mode": "managed",
      "type": "snowflake_warehouse",
      "name": "sales_warehouse",
      "provider": "provider[\"registry.terraform.io/snowflake-labs/snowflake\"]",
      "instances": [
        {
          "schema_version": 0,
          "attributes": {
            "auto_resume": true,
            "auto_suspend": 600,
            "comment": "sales_warehouse",
            "enable_query_acceleration": false,
            "id": "sales_warehouse",
            "initially_suspended": null,
            "max_cluster_count": 1,
            "max_concurrency_level": 8,
            "min_cluster_count": 1,
            "name": "sales_warehouse",
            "query_acceleration_max_scale_factor": 8,
            "resource_monitor": "null",
            "scaling_policy": "STANDARD",
            "statement_queued_timeout_in_seconds": 0,
            "statement_timeout_in_seconds": 172800,
            "wait_for_provisioning": null,
            "warehouse_size": "SMALL",
            "warehouse_type": "STANDARD"
          },
          "sensitive_attributes": [],
          "private": "bnVsbA=="
        }
      ]
    }
  ],
  "check_results": null
}
