{
  "version": 4,
  "terraform_version": "1.6.2",
  "serial": 1,
  "lineage": "4d40f7ca-b024-c5af-6d78-960f7adef2c9",
  "outputs": {},
  "resources": [
    {
      "mode": "managed",
      "type": "snowflake_warehouse",
      "name": "star_warehouse",
      "provider": "provider[\"registry.terraform.io/chanzuckerberg/snowflake\"].sys_admin",
      "instances": [
        {
          "schema_version": 0,
          "attributes": {
            "auto_resume": true,
            "auto_suspend": 60,
            "comment": "",
            "id": "STAR_WAREHOUSE",
            "initially_suspended": null,
            "max_cluster_count": 1,
            "max_concurrency_level": 8,
            "min_cluster_count": 1,
            "name": "STAR_WAREHOUSE",
            "resource_monitor": "null",
            "scaling_policy": "STANDARD",
            "statement_queued_timeout_in_seconds": 0,
            "statement_timeout_in_seconds": 172800,
            "tag": [],
            "wait_for_provisioning": null,
            "warehouse_size": "X-Small"
          },
          "sensitive_attributes": [],
          "private": "bnVsbA=="
        }
      ]
    }
  ],
  "check_results": null
}
